
Microsoft Visual Studio Solution File, Format Version 12.00
# Visual Studio Version 17
VisualStudioVersion = 17.12.35728.132 d17.12
MinimumVisualStudioVersion = 10.0.40219.1
Project("{8BC9CEB8-8B4A-11D0-8D11-00A0C91BC942}") = "TrayApp", "mfc\TrayApp.vcxproj", "{F968CF94-A06B-4D6C-8CBF-F1E94F82E95C}"
EndProject
Project("{8BC9CEB8-8B4A-11D0-8D11-00A0C91BC942}") = "DateTimeInserter", "DateTimeInserter\DateTimeInserter.vcxproj", "{1C6F6817-AA9F-4CC0-B096-CF8A26F1A7B3}"
EndProject
Global
	GlobalSection(SolutionConfigurationPlatforms) = preSolution
		Debug|x64 = Debug|x64
		Debug|x86 = Debug|x86
		Release|x64 = Release|x64
		Release|x86 = Release|x86
	EndGlobalSection
	GlobalSection(ProjectConfigurationPlatforms) = postSolution
		{F968CF94-A06B-4D6C-8CBF-F1E94F82E95C}.Debug|x64.ActiveCfg = Debug|x64
		{F968CF94-A06B-4D6C-8CBF-F1E94F82E95C}.Debug|x64.Build.0 = Debug|x64
		{F968CF94-A06B-4D6C-8CBF-F1E94F82E95C}.Debug|x86.ActiveCfg = Debug|Win32
		{F968CF94-A06B-4D6C-8CBF-F1E94F82E95C}.Debug|x86.Build.0 = Debug|Win32
		{F968CF94-A06B-4D6C-8CBF-F1E94F82E95C}.Release|x64.ActiveCfg = Release|x64
		{F968CF94-A06B-4D6C-8CBF-F1E94F82E95C}.Release|x64.Build.0 = Release|x64
		{F968CF94-A06B-4D6C-8CBF-F1E94F82E95C}.Release|x86.ActiveCfg = Release|Win32
		{F968CF94-A06B-4D6C-8CBF-F1E94F82E95C}.Release|x86.Build.0 = Release|Win32
		{1C6F6817-AA9F-4CC0-B096-CF8A26F1A7B3}.Debug|x64.ActiveCfg = Debug|x64
		{1C6F6817-AA9F-4CC0-B096-CF8A26F1A7B3}.Debug|x64.Build.0 = Debug|x64
		{1C6F6817-AA9F-4CC0-B096-CF8A26F1A7B3}.Debug|x86.ActiveCfg = Debug|x64
		{1C6F6817-AA9F-4CC0-B096-CF8A26F1A7B3}.Debug|x86.Build.0 = Debug|x64
		{1C6F6817-AA9F-4CC0-B096-CF8A26F1A7B3}.Release|x64.ActiveCfg = Release|x64
		{1C6F6817-AA9F-4CC0-B096-CF8A26F1A7B3}.Release|x64.Build.0 = Release|x64
		{1C6F6817-AA9F-4CC0-B096-CF8A26F1A7B3}.Release|x86.ActiveCfg = Release|x64
		{1C6F6817-AA9F-4CC0-B096-CF8A26F1A7B3}.Release|x86.Build.0 = Release|x64
	EndGlobalSection
	GlobalSection(SolutionProperties) = preSolution
		HideSolutionNode = FALSE
	EndGlobalSection
	GlobalSection(ExtensibilityGlobals) = postSolution
		SolutionGuid = {4635B3A9-1CDD-419D-A6E9-0C4C797D44AD}
	EndGlobalSection
EndGlobal
